
Microsoft Visual Studio Solution File, Format Version 12.00
# Visual Studio Version 16
VisualStudioVersion = 16.0.29409.12
MinimumVisualStudioVersion = 10.0.40219.1
Project("{FAE04EC0-301F-11D3-BF4B-00C04F79EFBC}") = "AnimalZoo", "Animal\AnimalZoo.csproj", "{4C39C872-2F59-4F9D-A2D8-A98AD2ECB12A}"
EndProject
Global
	GlobalSection(SolutionConfigurationPlatforms) = preSolution
		Debug|Any CPU = Debug|Any CPU
		Release|Any CPU = Release|Any CPU
	EndGlobalSection
	GlobalSection(ProjectConfigurationPlatforms) = postSolution
		{4C39C872-2F59-4F9D-A2D8-A98AD2ECB12A}.Debug|Any CPU.ActiveCfg = Debug|Any CPU
		{4C39C872-2F59-4F9D-A2D8-A98AD2ECB12A}.Debug|Any CPU.Build.0 = Debug|Any CPU
		{4C39C872-2F59-4F9D-A2D8-A98AD2ECB12A}.Release|Any CPU.ActiveCfg = Release|Any CPU
		{4C39C872-2F59-4F9D-A2D8-A98AD2ECB12A}.Release|Any CPU.Build.0 = Release|Any CPU
	EndGlobalSection
	GlobalSection(SolutionProperties) = preSolution
		HideSolutionNode = FALSE
	EndGlobalSection
	GlobalSection(ExtensibilityGlobals) = postSolution
		SolutionGuid = {99D238F4-5E01-4BFA-A93C-01D777F08125}
	EndGlobalSection
EndGlobal
